// !$*UTF8*$!
{
	archiveVersion = 1;
	classes = {
	};
	objectVersion = 50;
	objects = {

/* Begin PBXBuildFile section */
		069F0D6526D8B23500F9524E /* AppDelegate.swift in Sources */ = {isa = PBXBuildFile; fileRef = 069F0D6426D8B23500F9524E /* AppDelegate.swift */; };
		069F0D6726D8B23500F9524E /* SceneDelegate.swift in Sources */ = {isa = PBXBuildFile; fileRef = 069F0D6626D8B23500F9524E /* SceneDelegate.swift */; };
		069F0D6926D8B23500F9524E /* ViewController.swift in Sources */ = {isa = PBXBuildFile; fileRef = 069F0D6826D8B23500F9524E /* ViewController.swift */; };
		069F0D6C26D8B23500F9524E /* Main.storyboard in Resources */ = {isa = PBXBuildFile; fileRef = 069F0D6A26D8B23500F9524E /* Main.storyboard */; };
		069F0D6E26D8B23700F9524E /* Assets.xcassets in Resources */ = {isa = PBXBuildFile; fileRef = 069F0D6D26D8B23700F9524E /* Assets.xcassets */; };
		069F0D7126D8B23700F9524E /* LaunchScreen.storyboard in Resources */ = {isa = PBXBuildFile; fileRef = 069F0D6F26D8B23700F9524E /* LaunchScreen.storyboard */; };
		069F0D7C26D8B23700F9524E /* AccessibilityExampleTests.swift in Sources */ = {isa = PBXBuildFile; fileRef = 069F0D7B26D8B23700F9524E /* AccessibilityExampleTests.swift */; };
		069F0D8726D8B23700F9524E /* AccessibilityExampleUITests.swift in Sources */ = {isa = PBXBuildFile; fileRef = 069F0D8626D8B23700F9524E /* AccessibilityExampleUITests.swift */; };
/* End PBXBuildFile section */

/* Begin PBXContainerItemProxy section */
		069F0D7826D8B23700F9524E /* PBXContainerItemProxy */ = {
			isa = PBXContainerItemProxy;
			containerPortal = 069F0D5926D8B23500F9524E /* Project object */;
			proxyType = 1;
			remoteGlobalIDString = 069F0D6026D8B23500F9524E;
			remoteInfo = AccessibilityExample;
		};
		069F0D8326D8B23700F9524E /* PBXContainerItemProxy */ = {
			isa = PBXContainerItemProxy;
			containerPortal = 069F0D5926D8B23500F9524E /* Project object */;
			proxyType = 1;
			remoteGlobalIDString = 069F0D6026D8B23500F9524E;
			remoteInfo = AccessibilityExample;
		};
/* End PBXContainerItemProxy section */

/* Begin PBXFileReference section */
		069F0D6126D8B23500F9524E /* AccessibilityExample.app */ = {isa = PBXFileReference; explicitFileType = wrapper.application; includeInIndex = 0; path = AccessibilityExample.app; sourceTree = BUILT_PRODUCTS_DIR; };
		069F0D6426D8B23500F9524E /* AppDelegate.swift */ = {isa = PBXFileReference; lastKnownFileType = sourcecode.swift; path = AppDelegate.swift; sourceTree = "<group>"; };
		069F0D6626D8B23500F9524E /* SceneDelegate.swift */ = {isa = PBXFileReference; lastKnownFileType = sourcecode.swift; path = SceneDelegate.swift; sourceTree = "<group>"; };
		069F0D6826D8B23500F9524E /* ViewController.swift */ = {isa = PBXFileReference; lastKnownFileType = sourcecode.swift; path = ViewController.swift; sourceTree = "<group>"; };
		069F0D6B26D8B23500F9524E /* Base */ = {isa = PBXFileReference; lastKnownFileType = file.storyboard; name = Base; path = Base.lproj/Main.storyboard; sourceTree = "<group>"; };
		069F0D6D26D8B23700F9524E /* Assets.xcassets */ = {isa = PBXFileReference; lastKnownFileType = folder.assetcatalog; path = Assets.xcassets; sourceTree = "<group>"; };
		069F0D7026D8B23700F9524E /* Base */ = {isa = PBXFileReference; lastKnownFileType = file.storyboard; name = Base; path = Base.lproj/LaunchScreen.storyboard; sourceTree = "<group>"; };
		069F0D7226D8B23700F9524E /* Info.plist */ = {isa = PBXFileReference; lastKnownFileType = text.plist.xml; path = Info.plist; sourceTree = "<group>"; };
		069F0D7726D8B23700F9524E /* AccessibilityExampleTests.xctest */ = {isa = PBXFileReference; explicitFileType = wrapper.cfbundle; includeInIndex = 0; path = AccessibilityExampleTests.xctest; sourceTree = BUILT_PRODUCTS_DIR; };
		069F0D7B26D8B23700F9524E /* AccessibilityExampleTests.swift */ = {isa = PBXFileReference; lastKnownFileType = sourcecode.swift; path = AccessibilityExampleTests.swift; sourceTree = "<group>"; };
		069F0D7D26D8B23700F9524E /* Info.plist */ = {isa = PBXFileReference; lastKnownFileType = text.plist.xml; path = Info.plist; sourceTree = "<group>"; };
		069F0D8226D8B23700F9524E /* AccessibilityExampleUITests.xctest */ = {isa = PBXFileReference; explicitFileType = wrapper.cfbundle; includeInIndex = 0; path = AccessibilityExampleUITests.xctest; sourceTree = BUILT_PRODUCTS_DIR; };
		069F0D8626D8B23700F9524E /* AccessibilityExampleUITests.swift */ = {isa = PBXFileReference; lastKnownFileType = sourcecode.swift; path = AccessibilityExampleUITests.swift; sourceTree = "<group>"; };
		069F0D8826D8B23700F9524E /* Info.plist */ = {isa = PBXFileReference; lastKnownFileType = text.plist.xml; path = Info.plist; sourceTree = "<group>"; };
/* End PBXFileReference section */

/* Begin PBXFrameworksBuildPhase section */
		069F0D5E26D8B23500F9524E /* Frameworks */ = {
			isa = PBXFrameworksBuildPhase;
			buildActionMask = 2147483647;
			files = (
			);
			runOnlyForDeploymentPostprocessing = 0;
		};
		069F0D7426D8B23700F9524E /* Frameworks */ = {
			isa = PBXFrameworksBuildPhase;
			buildActionMask = 2147483647;
			files = (
			);
			runOnlyForDeploymentPostprocessing = 0;
		};
		069F0D7F26D8B23700F9524E /* Frameworks */ = {
			isa = PBXFrameworksBuildPhase;
			buildActionMask = 2147483647;
			files = (
			);
			runOnlyForDeploymentPostprocessing = 0;
		};
/* End PBXFrameworksBuildPhase section */

/* Begin PBXGroup section */
		069F0D5826D8B23500F9524E = {
			isa = PBXGroup;
			children = (
				069F0D6326D8B23500F9524E /* AccessibilityExample */,
				069F0D7A26D8B23700F9524E /* AccessibilityExampleTests */,
				069F0D8526D8B23700F9524E /* AccessibilityExampleUITests */,
				069F0D6226D8B23500F9524E /* Products */,
			);
			sourceTree = "<group>";
		};
		069F0D6226D8B23500F9524E /* Products */ = {
			isa = PBXGroup;
			children = (
				069F0D6126D8B23500F9524E /* AccessibilityExample.app */,
				069F0D7726D8B23700F9524E /* AccessibilityExampleTests.xctest */,
				069F0D8226D8B23700F9524E /* AccessibilityExampleUITests.xctest */,
			);
			name = Products;
			sourceTree = "<group>";
		};
		069F0D6326D8B23500F9524E /* AccessibilityExample */ = {
			isa = PBXGroup;
			children = (
				069F0D6426D8B23500F9524E /* AppDelegate.swift */,
				069F0D6626D8B23500F9524E /* SceneDelegate.swift */,
				069F0D6826D8B23500F9524E /* ViewController.swift */,
				069F0D6A26D8B23500F9524E /* Main.storyboard */,
				069F0D6D26D8B23700F9524E /* Assets.xcassets */,
				069F0D6F26D8B23700F9524E /* LaunchScreen.storyboard */,
				069F0D7226D8B23700F9524E /* Info.plist */,
			);
			path = AccessibilityExample;
			sourceTree = "<group>";
		};
		069F0D7A26D8B23700F9524E /* AccessibilityExampleTests */ = {
			isa = PBXGroup;
			children = (
				069F0D7B26D8B23700F9524E /* AccessibilityExampleTests.swift */,
				069F0D7D26D8B23700F9524E /* Info.plist */,
			);
			path = AccessibilityExampleTests;
			sourceTree = "<group>";
		};
		069F0D8526D8B23700F9524E /* AccessibilityExampleUITests */ = {
			isa = PBXGroup;
			children = (
				069F0D8626D8B23700F9524E /* AccessibilityExampleUITests.swift */,
				069F0D8826D8B23700F9524E /* Info.plist */,
			);
			path = AccessibilityExampleUITests;
			sourceTree = "<group>";
		};
/* End PBXGroup section */

/* Begin PBXNativeTarget section */
		069F0D6026D8B23500F9524E /* AccessibilityExample */ = {
			isa = PBXNativeTarget;
			buildConfigurationList = 069F0D8B26D8B23700F9524E /* Build configuration list for PBXNativeTarget "AccessibilityExample" */;
			buildPhases = (
				069F0D5D26D8B23500F9524E /* Sources */,
				069F0D5E26D8B23500F9524E /* Frameworks */,
				069F0D5F26D8B23500F9524E /* Resources */,
			);
			buildRules = (
			);
			dependencies = (
			);
			name = AccessibilityExample;
			productName = AccessibilityExample;
			productReference = 069F0D6126D8B23500F9524E /* AccessibilityExample.app */;
			productType = "com.apple.product-type.application";
		};
		069F0D7626D8B23700F9524E /* AccessibilityExampleTests */ = {
			isa = PBXNativeTarget;
			buildConfigurationList = 069F0D8E26D8B23700F9524E /* Build configuration list for PBXNativeTarget "AccessibilityExampleTests" */;
			buildPhases = (
				069F0D7326D8B23700F9524E /* Sources */,
				069F0D7426D8B23700F9524E /* Frameworks */,
				069F0D7526D8B23700F9524E /* Resources */,
			);
			buildRules = (
			);
			dependencies = (
				069F0D7926D8B23700F9524E /* PBXTargetDependency */,
			);
			name = AccessibilityExampleTests;
			productName = AccessibilityExampleTests;
			productReference = 069F0D7726D8B23700F9524E /* AccessibilityExampleTests.xctest */;
			productType = "com.apple.product-type.bundle.unit-test";
		};
		069F0D8126D8B23700F9524E /* AccessibilityExampleUITests */ = {
			isa = PBXNativeTarget;
			buildConfigurationList = 069F0D9126D8B23700F9524E /* Build configuration list for PBXNativeTarget "AccessibilityExampleUITests" */;
			buildPhases = (
				069F0D7E26D8B23700F9524E /* Sources */,
				069F0D7F26D8B23700F9524E /* Frameworks */,
				069F0D8026D8B23700F9524E /* Resources */,
			);
			buildRules = (
			);
			dependencies = (
				069F0D8426D8B23700F9524E /* PBXTargetDependency */,
			);
			name = AccessibilityExampleUITests;
			productName = AccessibilityExampleUITests;
			productReference = 069F0D8226D8B23700F9524E /* AccessibilityExampleUITests.xctest */;
			productType = "com.apple.product-type.bundle.ui-testing";
		};
/* End PBXNativeTarget section */

/* Begin PBXProject section */
		069F0D5926D8B23500F9524E /* Project object */ = {
			isa = PBXProject;
			attributes = {
				LastSwiftUpdateCheck = 1250;
				LastUpgradeCheck = 1250;
				TargetAttributes = {
					069F0D6026D8B23500F9524E = {
						CreatedOnToolsVersion = 12.5;
					};
					069F0D7626D8B23700F9524E = {
						CreatedOnToolsVersion = 12.5;
						TestTargetID = 069F0D6026D8B23500F9524E;
					};
					069F0D8126D8B23700F9524E = {
						CreatedOnToolsVersion = 12.5;
						TestTargetID = 069F0D6026D8B23500F9524E;
					};
				};
			};
			buildConfigurationList = 069F0D5C26D8B23500F9524E /* Build configuration list for PBXProject "AccessibilityExample" */;
			compatibilityVersion = "Xcode 9.3";
			developmentRegion = en;
			hasScannedForEncodings = 0;
			knownRegions = (
				en,
				Base,
			);
			mainGroup = 069F0D5826D8B23500F9524E;
			productRefGroup = 069F0D6226D8B23500F9524E /* Products */;
			projectDirPath = "";
			projectRoot = "";
			targets = (
				069F0D6026D8B23500F9524E /* AccessibilityExample */,
				069F0D7626D8B23700F9524E /* AccessibilityExampleTests */,
				069F0D8126D8B23700F9524E /* AccessibilityExampleUITests */,
			);
		};
/* End PBXProject section */

/* Begin PBXResourcesBuildPhase section */
		069F0D5F26D8B23500F9524E /* Resources */ = {
			isa = PBXResourcesBuildPhase;
			buildActionMask = 2147483647;
			files = (
				069F0D7126D8B23700F9524E /* LaunchScreen.storyboard in Resources */,
				069F0D6E26D8B23700F9524E /* Assets.xcassets in Resources */,
				069F0D6C26D8B23500F9524E /* Main.storyboard in Resources */,
			);
			runOnlyForDeploymentPostprocessing = 0;
		};
		069F0D7526D8B23700F9524E /* Resources */ = {
			isa = PBXResourcesBuildPhase;
			buildActionMask = 2147483647;
			files = (
			);
			runOnlyForDeploymentPostprocessing = 0;
		};
		069F0D8026D8B23700F9524E /* Resources */ = {
			isa = PBXResourcesBuildPhase;
			buildActionMask = 2147483647;
			files = (
			);
			runOnlyForDeploymentPostprocessing = 0;
		};
/* End PBXResourcesBuildPhase section */

/* Begin PBXSourcesBuildPhase section */
		069F0D5D26D8B23500F9524E /* Sources */ = {
			isa = PBXSourcesBuildPhase;
			buildActionMask = 2147483647;
			files = (
				069F0D6926D8B23500F9524E /* ViewController.swift in Sources */,
				069F0D6526D8B23500F9524E /* AppDelegate.swift in Sources */,
				069F0D6726D8B23500F9524E /* SceneDelegate.swift in Sources */,
			);
			runOnlyForDeploymentPostprocessing = 0;
		};
		069F0D7326D8B23700F9524E /* Sources */ = {
			isa = PBXSourcesBuildPhase;
			buildActionMask = 2147483647;
			files = (
				069F0D7C26D8B23700F9524E /* AccessibilityExampleTests.swift in Sources */,
			);
			runOnlyForDeploymentPostprocessing = 0;
		};
		069F0D7E26D8B23700F9524E /* Sources */ = {
			isa = PBXSourcesBuildPhase;
			buildActionMask = 2147483647;
			files = (
				069F0D8726D8B23700F9524E /* AccessibilityExampleUITests.swift in Sources */,
			);
			runOnlyForDeploymentPostprocessing = 0;
		};
/* End PBXSourcesBuildPhase section */

/* Begin PBXTargetDependency section */
		069F0D7926D8B23700F9524E /* PBXTargetDependency */ = {
			isa = PBXTargetDependency;
			target = 069F0D6026D8B23500F9524E /* AccessibilityExample */;
			targetProxy = 069F0D7826D8B23700F9524E /* PBXContainerItemProxy */;
		};
		069F0D8426D8B23700F9524E /* PBXTargetDependency */ = {
			isa = PBXTargetDependency;
			target = 069F0D6026D8B23500F9524E /* AccessibilityExample */;
			targetProxy = 069F0D8326D8B23700F9524E /* PBXContainerItemProxy */;
		};
/* End PBXTargetDependency section */

/* Begin PBXVariantGroup section */
		069F0D6A26D8B23500F9524E /* Main.storyboard */ = {
			isa = PBXVariantGroup;
			children = (
				069F0D6B26D8B23500F9524E /* Base */,
			);
			name = Main.storyboard;
			sourceTree = "<group>";
		};
		069F0D6F26D8B23700F9524E /* LaunchScreen.storyboard */ = {
			isa = PBXVariantGroup;
			children = (
				069F0D7026D8B23700F9524E /* Base */,
			);
			name = LaunchScreen.storyboard;
			sourceTree = "<group>";
		};
/* End PBXVariantGroup section */

/* Begin XCBuildConfiguration section */
		069F0D8926D8B23700F9524E /* Debug */ = {
			isa = XCBuildConfiguration;
			buildSettings = {
				ALWAYS_SEARCH_USER_PATHS = NO;
				CLANG_ANALYZER_NONNULL = YES;
				CLANG_ANALYZER_NUMBER_OBJECT_CONVERSION = YES_AGGRESSIVE;
				CLANG_CXX_LANGUAGE_STANDARD = "gnu++14";
				CLANG_CXX_LIBRARY = "libc++";
				CLANG_ENABLE_MODULES = YES;
				CLANG_ENABLE_OBJC_ARC = YES;
				CLANG_ENABLE_OBJC_WEAK = YES;
				CLANG_WARN_BLOCK_CAPTURE_AUTORELEASING = YES;
				CLANG_WARN_BOOL_CONVERSION = YES;
				CLANG_WARN_COMMA = YES;
				CLANG_WARN_CONSTANT_CONVERSION = YES;
				CLANG_WARN_DEPRECATED_OBJC_IMPLEMENTATIONS = YES;
				CLANG_WARN_DIRECT_OBJC_ISA_USAGE = YES_ERROR;
				CLANG_WARN_DOCUMENTATION_COMMENTS = YES;
				CLANG_WARN_EMPTY_BODY = YES;
				CLANG_WARN_ENUM_CONVERSION = YES;
				CLANG_WARN_INFINITE_RECURSION = YES;
				CLANG_WARN_INT_CONVERSION = YES;
				CLANG_WARN_NON_LITERAL_NULL_CONVERSION = YES;
				CLANG_WARN_OBJC_IMPLICIT_RETAIN_SELF = YES;
				CLANG_WARN_OBJC_LITERAL_CONVERSION = YES;
				CLANG_WARN_OBJC_ROOT_CLASS = YES_ERROR;
				CLANG_WARN_QUOTED_INCLUDE_IN_FRAMEWORK_HEADER = YES;
				CLANG_WARN_RANGE_LOOP_ANALYSIS = YES;
				CLANG_WARN_STRICT_PROTOTYPES = YES;
				CLANG_WARN_SUSPICIOUS_MOVE = YES;
				CLANG_WARN_UNGUARDED_AVAILABILITY = YES_AGGRESSIVE;
				CLANG_WARN_UNREACHABLE_CODE = YES;
				CLANG_WARN__DUPLICATE_METHOD_MATCH = YES;
				COPY_PHASE_STRIP = NO;
				DEBUG_INFORMATION_FORMAT = dwarf;
				ENABLE_STRICT_OBJC_MSGSEND = YES;
				ENABLE_TESTABILITY = YES;
				GCC_C_LANGUAGE_STANDARD = gnu11;
				GCC_DYNAMIC_NO_PIC = NO;
				GCC_NO_COMMON_BLOCKS = YES;
				GCC_OPTIMIZATION_LEVEL = 0;
				GCC_PREPROCESSOR_DEFINITIONS = (
					"DEBUG=1",
					"$(inherited)",
				);
				GCC_WARN_64_TO_32_BIT_CONVERSION = YES;
				GCC_WARN_ABOUT_RETURN_TYPE = YES_ERROR;
				GCC_WARN_UNDECLARED_SELECTOR = YES;
				GCC_WARN_UNINITIALIZED_AUTOS = YES_AGGRESSIVE;
				GCC_WARN_UNUSED_FUNCTION = YES;
				GCC_WARN_UNUSED_VARIABLE = YES;
				IPHONEOS_DEPLOYMENT_TARGET = 14.5;
				MTL_ENABLE_DEBUG_INFO = INCLUDE_SOURCE;
				MTL_FAST_MATH = YES;
				ONLY_ACTIVE_ARCH = YES;
				SDKROOT = iphoneos;
				SWIFT_ACTIVE_COMPILATION_CONDITIONS = DEBUG;
				SWIFT_OPTIMIZATION_LEVEL = "-Onone";
			};
			name = Debug;
		};
		069F0D8A26D8B23700F9524E /* Release */ = {
			isa = XCBuildConfiguration;
			buildSettings = {
				ALWAYS_SEARCH_USER_PATHS = NO;
				CLANG_ANALYZER_NONNULL = YES;
				CLANG_ANALYZER_NUMBER_OBJECT_CONVERSION = YES_AGGRESSIVE;
				CLANG_CXX_LANGUAGE_STANDARD = "gnu++14";
				CLANG_CXX_LIBRARY = "libc++";
				CLANG_ENABLE_MODULES = YES;
				CLANG_ENABLE_OBJC_ARC = YES;
				CLANG_ENABLE_OBJC_WEAK = YES;
				CLANG_WARN_BLOCK_CAPTURE_AUTORELEASING = YES;
				CLANG_WARN_BOOL_CONVERSION = YES;
				CLANG_WARN_COMMA = YES;
				CLANG_WARN_CONSTANT_CONVERSION = YES;
				CLANG_WARN_DEPRECATED_OBJC_IMPLEMENTATIONS = YES;
				CLANG_WARN_DIRECT_OBJC_ISA_USAGE = YES_ERROR;
				CLANG_WARN_DOCUMENTATION_COMMENTS = YES;
				CLANG_WARN_EMPTY_BODY = YES;
				CLANG_WARN_ENUM_CONVERSION = YES;
				CLANG_WARN_INFINITE_RECURSION = YES;
				CLANG_WARN_INT_CONVERSION = YES;
				CLANG_WARN_NON_LITERAL_NULL_CONVERSION = YES;
				CLANG_WARN_OBJC_IMPLICIT_RETAIN_SELF = YES;
				CLANG_WARN_OBJC_LITERAL_CONVERSION = YES;
				CLANG_WARN_OBJC_ROOT_CLASS = YES_ERROR;
				CLANG_WARN_QUOTED_INCLUDE_IN_FRAMEWORK_HEADER = YES;
				CLANG_WARN_RANGE_LOOP_ANALYSIS = YES;
				CLANG_WARN_STRICT_PROTOTYPES = YES;
				CLANG_WARN_SUSPICIOUS_MOVE = YES;
				CLANG_WARN_UNGUARDED_AVAILABILITY = YES_AGGRESSIVE;
				CLANG_WARN_UNREACHABLE_CODE = YES;
				CLANG_WARN__DUPLICATE_METHOD_MATCH = YES;
				COPY_PHASE_STRIP = NO;
				DEBUG_INFORMATION_FORMAT = "dwarf-with-dsym";
				ENABLE_NS_ASSERTIONS = NO;
				ENABLE_STRICT_OBJC_MSGSEND = YES;
				GCC_C_LANGUAGE_STANDARD = gnu11;
				GCC_NO_COMMON_BLOCKS = YES;
				GCC_WARN_64_TO_32_BIT_CONVERSION = YES;
				GCC_WARN_ABOUT_RETURN_TYPE = YES_ERROR;
				GCC_WARN_UNDECLARED_SELECTOR = YES;
				GCC_WARN_UNINITIALIZED_AUTOS = YES_AGGRESSIVE;
				GCC_WARN_UNUSED_FUNCTION = YES;
				GCC_WARN_UNUSED_VARIABLE = YES;
				IPHONEOS_DEPLOYMENT_TARGET = 14.5;
				MTL_ENABLE_DEBUG_INFO = NO;
				MTL_FAST_MATH = YES;
				SDKROOT = iphoneos;
				SWIFT_COMPILATION_MODE = wholemodule;
				SWIFT_OPTIMIZATION_LEVEL = "-O";
				VALIDATE_PRODUCT = YES;
			};
			name = Release;
		};
		069F0D8C26D8B23700F9524E /* Debug */ = {
			isa = XCBuildConfiguration;
			buildSettings = {
				ASSETCATALOG_COMPILER_APPICON_NAME = AppIcon;
				ASSETCATALOG_COMPILER_GLOBAL_ACCENT_COLOR_NAME = AccentColor;
				CODE_SIGN_STYLE = Automatic;
				INFOPLIST_FILE = AccessibilityExample/Info.plist;
				LD_RUNPATH_SEARCH_PATHS = (
					"$(inherited)",
					"@executable_path/Frameworks",
				);
				PRODUCT_BUNDLE_IDENTIFIER = daniel.AccessibilityExample;
				PRODUCT_NAME = "$(TARGET_NAME)";
				SWIFT_VERSION = 5.0;
				TARGETED_DEVICE_FAMILY = "1,2";
			};
			name = Debug;
		};
		069F0D8D26D8B23700F9524E /* Release */ = {
			isa = XCBuildConfiguration;
			buildSettings = {
				ASSETCATALOG_COMPILER_APPICON_NAME = AppIcon;
				ASSETCATALOG_COMPILER_GLOBAL_ACCENT_COLOR_NAME = AccentColor;
				CODE_SIGN_STYLE = Automatic;
				INFOPLIST_FILE = AccessibilityExample/Info.plist;
				LD_RUNPATH_SEARCH_PATHS = (
					"$(inherited)",
					"@executable_path/Frameworks",
				);
				PRODUCT_BUNDLE_IDENTIFIER = daniel.AccessibilityExample;
				PRODUCT_NAME = "$(TARGET_NAME)";
				SWIFT_VERSION = 5.0;
				TARGETED_DEVICE_FAMILY = "1,2";
			};
			name = Release;
		};
		069F0D8F26D8B23700F9524E /* Debug */ = {
			isa = XCBuildConfiguration;
			buildSettings = {
				ALWAYS_EMBED_SWIFT_STANDARD_LIBRARIES = YES;
				BUNDLE_LOADER = "$(TEST_HOST)";
				CODE_SIGN_STYLE = Automatic;
				INFOPLIST_FILE = AccessibilityExampleTests/Info.plist;
				IPHONEOS_DEPLOYMENT_TARGET = 14.5;
				LD_RUNPATH_SEARCH_PATHS = (
					"$(inherited)",
					"@executable_path/Frameworks",
					"@loader_path/Frameworks",
				);
				PRODUCT_BUNDLE_IDENTIFIER = daniel.AccessibilityExampleTests;
				PRODUCT_NAME = "$(TARGET_NAME)";
				SWIFT_VERSION = 5.0;
				TARGETED_DEVICE_FAMILY = "1,2";
				TEST_HOST = "$(BUILT_PRODUCTS_DIR)/AccessibilityExample.app/AccessibilityExample";
			};
			name = Debug;
		};
		069F0D9026D8B23700F9524E /* Release */ = {
			isa = XCBuildConfiguration;
			buildSettings = {
				ALWAYS_EMBED_SWIFT_STANDARD_LIBRARIES = YES;
				BUNDLE_LOADER = "$(TEST_HOST)";
				CODE_SIGN_STYLE = Automatic;
				INFOPLIST_FILE = AccessibilityExampleTests/Info.plist;
				IPHONEOS_DEPLOYMENT_TARGET = 14.5;
				LD_RUNPATH_SEARCH_PATHS = (
					"$(inherited)",
					"@executable_path/Frameworks",
					"@loader_path/Frameworks",
				);
				PRODUCT_BUNDLE_IDENTIFIER = daniel.AccessibilityExampleTests;
				PRODUCT_NAME = "$(TARGET_NAME)";
				SWIFT_VERSION = 5.0;
				TARGETED_DEVICE_FAMILY = "1,2";
				TEST_HOST = "$(BUILT_PRODUCTS_DIR)/AccessibilityExample.app/AccessibilityExample";
			};
			name = Release;
		};
		069F0D9226D8B23700F9524E /* Debug */ = {
			isa = XCBuildConfiguration;
			buildSettings = {
				ALWAYS_EMBED_SWIFT_STANDARD_LIBRARIES = YES;
				CODE_SIGN_STYLE = Automatic;
				INFOPLIST_FILE = AccessibilityExampleUITests/Info.plist;
				LD_RUNPATH_SEARCH_PATHS = (
					"$(inherited)",
					"@executable_path/Frameworks",
					"@loader_path/Frameworks",
				);
				PRODUCT_BUNDLE_IDENTIFIER = daniel.AccessibilityExampleUITests;
				PRODUCT_NAME = "$(TARGET_NAME)";
				SWIFT_VERSION = 5.0;
				TARGETED_DEVICE_FAMILY = "1,2";
				TEST_TARGET_NAME = AccessibilityExample;
			};
			name = Debug;
		};
		069F0D9326D8B23700F9524E /* Release */ = {
			isa = XCBuildConfiguration;
			buildSettings = {
				ALWAYS_EMBED_SWIFT_STANDARD_LIBRARIES = YES;
				CODE_SIGN_STYLE = Automatic;
				INFOPLIST_FILE = AccessibilityExampleUITests/Info.plist;
				LD_RUNPATH_SEARCH_PATHS = (
					"$(inherited)",
					"@executable_path/Frameworks",
					"@loader_path/Frameworks",
				);
				PRODUCT_BUNDLE_IDENTIFIER = daniel.AccessibilityExampleUITests;
				PRODUCT_NAME = "$(TARGET_NAME)";
				SWIFT_VERSION = 5.0;
				TARGETED_DEVICE_FAMILY = "1,2";
				TEST_TARGET_NAME = AccessibilityExample;
			};
			name = Release;
		};
/* End XCBuildConfiguration section */

/* Begin XCConfigurationList section */
		069F0D5C26D8B23500F9524E /* Build configuration list for PBXProject "AccessibilityExample" */ = {
			isa = XCConfigurationList;
			buildConfigurations = (
				069F0D8926D8B23700F9524E /* Debug */,
				069F0D8A26D8B23700F9524E /* Release */,
			);
			defaultConfigurationIsVisible = 0;
			defaultConfigurationName = Release;
		};
		069F0D8B26D8B23700F9524E /* Build configuration list for PBXNativeTarget "AccessibilityExample" */ = {
			isa = XCConfigurationList;
			buildConfigurations = (
				069F0D8C26D8B23700F9524E /* Debug */,
				069F0D8D26D8B23700F9524E /* Release */,
			);
			defaultConfigurationIsVisible = 0;
			defaultConfigurationName = Release;
		};
		069F0D8E26D8B23700F9524E /* Build configuration list for PBXNativeTarget "AccessibilityExampleTests" */ = {
			isa = XCConfigurationList;
			buildConfigurations = (
				069F0D8F26D8B23700F9524E /* Debug */,
				069F0D9026D8B23700F9524E /* Release */,
			);
			defaultConfigurationIsVisible = 0;
			defaultConfigurationName = Release;
		};
		069F0D9126D8B23700F9524E /* Build configuration list for PBXNativeTarget "AccessibilityExampleUITests" */ = {
			isa = XCConfigurationList;
			buildConfigurations = (
				069F0D9226D8B23700F9524E /* Debug */,
				069F0D9326D8B23700F9524E /* Release */,
			);
			defaultConfigurationIsVisible = 0;
			defaultConfigurationName = Release;
		};
/* End XCConfigurationList section */
	};
	rootObject = 069F0D5926D8B23500F9524E /* Project object */;
}
